{
    "_meta": {
        "hash": {
            "sha256": "1b2c66bc7204047992de1ffbc62325d43db334a018ad7b0f142efa866a8bac66"
        },
        "pipfile-spec": 6,
        "requires": {
            "python_version": "3.12"
        },
        "sources": [
            {
                "name": "pypi",
                "url": "https://pypi.org/simple",
                "verify_ssl": true
            }
        ]
    },
    "default": {
        "peewee": {
            "hashes": [
                "sha256:ef15f90b628e41a584be8306cdc3243c51f73ce88b06154d9572f6d0284a0169"
            ],
            "index": "pypi",
            "version": "==3.17.3"
        }
    },
    "develop": {}
}
